// !$*UTF8*$!
{
	archiveVersion = 1;
	classes = {
	};
	objectVersion = 46;
	objects = {

/* Begin PBXBuildFile section */
		010432251BAE2A6500B96ED4 /* UserDetailViewController.swift in Sources */ = {isa = PBXBuildFile; fileRef = 010432241BAE2A6500B96ED4 /* UserDetailViewController.swift */; };
		010981B71B9DBB1800CF65D8 /* TwitterAPIRequestUtilities.swift in Sources */ = {isa = PBXBuildFile; fileRef = 010981B61B9DBB1800CF65D8 /* TwitterAPIRequestUtilities.swift */; };
		011DD8D01B93D72C00CC64AB /* ParsedTweetCell.swift in Sources */ = {isa = PBXBuildFile; fileRef = 011DD8CF1B93D72C00CC64AB /* ParsedTweetCell.swift */; };
		012E49461BA7993100DA8708 /* TweetDetailViewController.swift in Sources */ = {isa = PBXBuildFile; fileRef = 012E49451BA7993100DA8708 /* TweetDetailViewController.swift */; };
		016D5BBD1B82B46F002286C3 /* AppDelegate.swift in Sources */ = {isa = PBXBuildFile; fileRef = 016D5BBC1B82B46F002286C3 /* AppDelegate.swift */; };
		016D5BBF1B82B46F002286C3 /* RootViewController.swift in Sources */ = {isa = PBXBuildFile; fileRef = 016D5BBE1B82B46F002286C3 /* RootViewController.swift */; };
		016D5BC21B82B46F002286C3 /* Main.storyboard in Resources */ = {isa = PBXBuildFile; fileRef = 016D5BC01B82B46F002286C3 /* Main.storyboard */; };
		016D5BC41B82B46F002286C3 /* Assets.xcassets in Resources */ = {isa = PBXBuildFile; fileRef = 016D5BC31B82B46F002286C3 /* Assets.xcassets */; };
		016D5BC71B82B46F002286C3 /* LaunchScreen.storyboard in Resources */ = {isa = PBXBuildFile; fileRef = 016D5BC51B82B46F002286C3 /* LaunchScreen.storyboard */; };
		016D5BD21B82B46F002286C3 /* PragmaticTweetsTests.swift in Sources */ = {isa = PBXBuildFile; fileRef = 016D5BD11B82B46F002286C3 /* PragmaticTweetsTests.swift */; };
		016D5BDD1B82B46F002286C3 /* PragmaticTweetsUITests.swift in Sources */ = {isa = PBXBuildFile; fileRef = 016D5BDC1B82B46F002286C3 /* PragmaticTweetsUITests.swift */; };
		01EA5E6C1BB8B9CF001C6FAF /* SizeClassOverrideViewController.swift in Sources */ = {isa = PBXBuildFile; fileRef = 01EA5E6B1BB8B9CF001C6FAF /* SizeClassOverrideViewController.swift */; };
		01F3A92A1B93C76B00F1BA5A /* ParsedTweet.swift in Sources */ = {isa = PBXBuildFile; fileRef = 01F3A9291B93C76B00F1BA5A /* ParsedTweet.swift */; };
/* End PBXBuildFile section */

/* Begin PBXContainerItemProxy section */
		016D5BCE1B82B46F002286C3 /* PBXContainerItemProxy */ = {
			isa = PBXContainerItemProxy;
			containerPortal = 016D5BB11B82B46F002286C3 /* Project object */;
			proxyType = 1;
			remoteGlobalIDString = 016D5BB81B82B46F002286C3;
			remoteInfo = PragmaticTweets;
		};
		016D5BD91B82B46F002286C3 /* PBXContainerItemProxy */ = {
			isa = PBXContainerItemProxy;
			containerPortal = 016D5BB11B82B46F002286C3 /* Project object */;
			proxyType = 1;
			remoteGlobalIDString = 016D5BB81B82B46F002286C3;
			remoteInfo = PragmaticTweets;
		};
/* End PBXContainerItemProxy section */

/* Begin PBXFileReference section */
		010432241BAE2A6500B96ED4 /* UserDetailViewController.swift */ = {isa = PBXFileReference; fileEncoding = 4; lastKnownFileType = sourcecode.swift; path = UserDetailViewController.swift; sourceTree = "<group>"; };
		010981B61B9DBB1800CF65D8 /* TwitterAPIRequestUtilities.swift */ = {isa = PBXFileReference; fileEncoding = 4; lastKnownFileType = sourcecode.swift; path = TwitterAPIRequestUtilities.swift; sourceTree = "<group>"; };
		011DD8CF1B93D72C00CC64AB /* ParsedTweetCell.swift */ = {isa = PBXFileReference; fileEncoding = 4; lastKnownFileType = sourcecode.swift; path = ParsedTweetCell.swift; sourceTree = "<group>"; };
		012E49451BA7993100DA8708 /* TweetDetailViewController.swift */ = {isa = PBXFileReference; fileEncoding = 4; lastKnownFileType = sourcecode.swift; path = TweetDetailViewController.swift; sourceTree = "<group>"; };
		016D5BB91B82B46F002286C3 /* PragmaticTweets.app */ = {isa = PBXFileReference; explicitFileType = wrapper.application; includeInIndex = 0; path = PragmaticTweets.app; sourceTree = BUILT_PRODUCTS_DIR; };
		016D5BBC1B82B46F002286C3 /* AppDelegate.swift */ = {isa = PBXFileReference; lastKnownFileType = sourcecode.swift; path = AppDelegate.swift; sourceTree = "<group>"; };
		016D5BBE1B82B46F002286C3 /* RootViewController.swift */ = {isa = PBXFileReference; lastKnownFileType = sourcecode.swift; path = RootViewController.swift; sourceTree = "<group>"; };
		016D5BC11B82B46F002286C3 /* Base */ = {isa = PBXFileReference; lastKnownFileType = file.storyboard; name = Base; path = Base.lproj/Main.storyboard; sourceTree = "<group>"; };
		016D5BC31B82B46F002286C3 /* Assets.xcassets */ = {isa = PBXFileReference; lastKnownFileType = folder.assetcatalog; path = Assets.xcassets; sourceTree = "<group>"; };
		016D5BC61B82B46F002286C3 /* Base */ = {isa = PBXFileReference; lastKnownFileType = file.storyboard; name = Base; path = Base.lproj/LaunchScreen.storyboard; sourceTree = "<group>"; };
		016D5BC81B82B46F002286C3 /* Info.plist */ = {isa = PBXFileReference; lastKnownFileType = text.plist.xml; path = Info.plist; sourceTree = "<group>"; };
		016D5BCD1B82B46F002286C3 /* PragmaticTweetsTests.xctest */ = {isa = PBXFileReference; explicitFileType = wrapper.cfbundle; includeInIndex = 0; path = PragmaticTweetsTests.xctest; sourceTree = BUILT_PRODUCTS_DIR; };
		016D5BD11B82B46F002286C3 /* PragmaticTweetsTests.swift */ = {isa = PBXFileReference; lastKnownFileType = sourcecode.swift; path = PragmaticTweetsTests.swift; sourceTree = "<group>"; };
		016D5BD31B82B46F002286C3 /* Info.plist */ = {isa = PBXFileReference; lastKnownFileType = text.plist.xml; path = Info.plist; sourceTree = "<group>"; };
		016D5BD81B82B46F002286C3 /* PragmaticTweetsUITests.xctest */ = {isa = PBXFileReference; explicitFileType = wrapper.cfbundle; includeInIndex = 0; path = PragmaticTweetsUITests.xctest; sourceTree = BUILT_PRODUCTS_DIR; };
		016D5BDC1B82B46F002286C3 /* PragmaticTweetsUITests.swift */ = {isa = PBXFileReference; lastKnownFileType = sourcecode.swift; path = PragmaticTweetsUITests.swift; sourceTree = "<group>"; };
		016D5BDE1B82B46F002286C3 /* Info.plist */ = {isa = PBXFileReference; lastKnownFileType = text.plist.xml; path = Info.plist; sourceTree = "<group>"; };
		01EA5E6B1BB8B9CF001C6FAF /* SizeClassOverrideViewController.swift */ = {isa = PBXFileReference; fileEncoding = 4; lastKnownFileType = sourcecode.swift; path = SizeClassOverrideViewController.swift; sourceTree = "<group>"; };
		01F3A9291B93C76B00F1BA5A /* ParsedTweet.swift */ = {isa = PBXFileReference; fileEncoding = 4; lastKnownFileType = sourcecode.swift; path = ParsedTweet.swift; sourceTree = "<group>"; };
/* End PBXFileReference section */

/* Begin PBXFrameworksBuildPhase section */
		016D5BB61B82B46F002286C3 /* Frameworks */ = {
			isa = PBXFrameworksBuildPhase;
			buildActionMask = 2147483647;
			files = (
			);
			runOnlyForDeploymentPostprocessing = 0;
		};
		016D5BCA1B82B46F002286C3 /* Frameworks */ = {
			isa = PBXFrameworksBuildPhase;
			buildActionMask = 2147483647;
			files = (
			);
			runOnlyForDeploymentPostprocessing = 0;
		};
		016D5BD51B82B46F002286C3 /* Frameworks */ = {
			isa = PBXFrameworksBuildPhase;
			buildActionMask = 2147483647;
			files = (
			);
			runOnlyForDeploymentPostprocessing = 0;
		};
/* End PBXFrameworksBuildPhase section */

/* Begin PBXGroup section */
		010432231BAE2A3C00B96ED4 /* User Detail VC */ = {
			isa = PBXGroup;
			children = (
				010432241BAE2A6500B96ED4 /* UserDetailViewController.swift */,
			);
			name = "User Detail VC";
			sourceTree = "<group>";
		};
		010981B21B9DB97600CF65D8 /* Root VC */ = {
			isa = PBXGroup;
			children = (
				016D5BBE1B82B46F002286C3 /* RootViewController.swift */,
				011DD8CF1B93D72C00CC64AB /* ParsedTweetCell.swift */,
			);
			name = "Root VC";
			sourceTree = "<group>";
		};
		010981B31B9DB97E00CF65D8 /* Twitter Utilities */ = {
			isa = PBXGroup;
			children = (
				01F3A9291B93C76B00F1BA5A /* ParsedTweet.swift */,
				010981B61B9DBB1800CF65D8 /* TwitterAPIRequestUtilities.swift */,
			);
			name = "Twitter Utilities";
			sourceTree = "<group>";
		};
		012E49441BA7990A00DA8708 /* Tweet Detail VC */ = {
			isa = PBXGroup;
			children = (
				012E49451BA7993100DA8708 /* TweetDetailViewController.swift */,
			);
			name = "Tweet Detail VC";
			sourceTree = "<group>";
		};
		016D5BB01B82B46F002286C3 = {
			isa = PBXGroup;
			children = (
				016D5BBB1B82B46F002286C3 /* PragmaticTweets */,
				016D5BD01B82B46F002286C3 /* PragmaticTweetsTests */,
				016D5BDB1B82B46F002286C3 /* PragmaticTweetsUITests */,
				016D5BBA1B82B46F002286C3 /* Products */,
			);
			indentWidth = 2;
			sourceTree = "<group>";
			tabWidth = 2;
			usesTabs = 0;
		};
		016D5BBA1B82B46F002286C3 /* Products */ = {
			isa = PBXGroup;
			children = (
				016D5BB91B82B46F002286C3 /* PragmaticTweets.app */,
				016D5BCD1B82B46F002286C3 /* PragmaticTweetsTests.xctest */,
				016D5BD81B82B46F002286C3 /* PragmaticTweetsUITests.xctest */,
			);
			name = Products;
			sourceTree = "<group>";
		};
		016D5BBB1B82B46F002286C3 /* PragmaticTweets */ = {
			isa = PBXGroup;
			children = (
				016D5BBC1B82B46F002286C3 /* AppDelegate.swift */,
				010981B21B9DB97600CF65D8 /* Root VC */,
				012E49441BA7990A00DA8708 /* Tweet Detail VC */,
				010432231BAE2A3C00B96ED4 /* User Detail VC */,
				01EA5E6A1BB8B9AB001C6FAF /* Size Class Override */,
				010981B31B9DB97E00CF65D8 /* Twitter Utilities */,
				016D5BC01B82B46F002286C3 /* Main.storyboard */,
				016D5BC31B82B46F002286C3 /* Assets.xcassets */,
				016D5BC51B82B46F002286C3 /* LaunchScreen.storyboard */,
				016D5BC81B82B46F002286C3 /* Info.plist */,
			);
			path = PragmaticTweets;
			sourceTree = "<group>";
		};
		016D5BD01B82B46F002286C3 /* PragmaticTweetsTests */ = {
			isa = PBXGroup;
			children = (
				016D5BD11B82B46F002286C3 /* PragmaticTweetsTests.swift */,
				016D5BD31B82B46F002286C3 /* Info.plist */,
			);
			path = PragmaticTweetsTests;
			sourceTree = "<group>";
		};
		016D5BDB1B82B46F002286C3 /* PragmaticTweetsUITests */ = {
			isa = PBXGroup;
			children = (
				016D5BDC1B82B46F002286C3 /* PragmaticTweetsUITests.swift */,
				016D5BDE1B82B46F002286C3 /* Info.plist */,
			);
			path = PragmaticTweetsUITests;
			sourceTree = "<group>";
		};
		01EA5E6A1BB8B9AB001C6FAF /* Size Class Override */ = {
			isa = PBXGroup;
			children = (
				01EA5E6B1BB8B9CF001C6FAF /* SizeClassOverrideViewController.swift */,
			);
			name = "Size Class Override";
			sourceTree = "<group>";
		};
/* End PBXGroup section */

/* Begin PBXNativeTarget section */
		016D5BB81B82B46F002286C3 /* PragmaticTweets */ = {
			isa = PBXNativeTarget;
			buildConfigurationList = 016D5BE11B82B46F002286C3 /* Build configuration list for PBXNativeTarget "PragmaticTweets" */;
			buildPhases = (
				016D5BB51B82B46F002286C3 /* Sources */,
				016D5BB61B82B46F002286C3 /* Frameworks */,
				016D5BB71B82B46F002286C3 /* Resources */,
			);
			buildRules = (
			);
			dependencies = (
			);
			name = PragmaticTweets;
			productName = PragmaticTweets;
			productReference = 016D5BB91B82B46F002286C3 /* PragmaticTweets.app */;
			productType = "com.apple.product-type.application";
		};
		016D5BCC1B82B46F002286C3 /* PragmaticTweetsTests */ = {
			isa = PBXNativeTarget;
			buildConfigurationList = 016D5BE41B82B46F002286C3 /* Build configuration list for PBXNativeTarget "PragmaticTweetsTests" */;
			buildPhases = (
				016D5BC91B82B46F002286C3 /* Sources */,
				016D5BCA1B82B46F002286C3 /* Frameworks */,
				016D5BCB1B82B46F002286C3 /* Resources */,
			);
			buildRules = (
			);
			dependencies = (
				016D5BCF1B82B46F002286C3 /* PBXTargetDependency */,
			);
			name = PragmaticTweetsTests;
			productName = PragmaticTweetsTests;
			productReference = 016D5BCD1B82B46F002286C3 /* PragmaticTweetsTests.xctest */;
			productType = "com.apple.product-type.bundle.unit-test";
		};
		016D5BD71B82B46F002286C3 /* PragmaticTweetsUITests */ = {
			isa = PBXNativeTarget;
			buildConfigurationList = 016D5BE71B82B46F002286C3 /* Build configuration list for PBXNativeTarget "PragmaticTweetsUITests" */;
			buildPhases = (
				016D5BD41B82B46F002286C3 /* Sources */,
				016D5BD51B82B46F002286C3 /* Frameworks */,
				016D5BD61B82B46F002286C3 /* Resources */,
			);
			buildRules = (
			);
			dependencies = (
				016D5BDA1B82B46F002286C3 /* PBXTargetDependency */,
			);
			name = PragmaticTweetsUITests;
			productName = PragmaticTweetsUITests;
			productReference = 016D5BD81B82B46F002286C3 /* PragmaticTweetsUITests.xctest */;
			productType = "com.apple.product-type.bundle.ui-testing";
		};
/* End PBXNativeTarget section */

/* Begin PBXProject section */
		016D5BB11B82B46F002286C3 /* Project object */ = {
			isa = PBXProject;
			attributes = {
				LastSwiftUpdateCheck = 0710;
				LastUpgradeCheck = 0700;
				ORGANIZATIONNAME = "Eric Trepanier";
				TargetAttributes = {
					016D5BB81B82B46F002286C3 = {
						CreatedOnToolsVersion = 7.0;
					};
					016D5BCC1B82B46F002286C3 = {
						CreatedOnToolsVersion = 7.0;
						TestTargetID = 016D5BB81B82B46F002286C3;
					};
					016D5BD71B82B46F002286C3 = {
						CreatedOnToolsVersion = 7.0;
						TestTargetID = 016D5BB81B82B46F002286C3;
					};
				};
			};
			buildConfigurationList = 016D5BB41B82B46F002286C3 /* Build configuration list for PBXProject "PragmaticTweets" */;
			compatibilityVersion = "Xcode 3.2";
			developmentRegion = English;
			hasScannedForEncodings = 0;
			knownRegions = (
				en,
				Base,
			);
			mainGroup = 016D5BB01B82B46F002286C3;
			productRefGroup = 016D5BBA1B82B46F002286C3 /* Products */;
			projectDirPath = "";
			projectRoot = "";
			targets = (
				016D5BB81B82B46F002286C3 /* PragmaticTweets */,
				016D5BCC1B82B46F002286C3 /* PragmaticTweetsTests */,
				016D5BD71B82B46F002286C3 /* PragmaticTweetsUITests */,
			);
		};
/* End PBXProject section */

/* Begin PBXResourcesBuildPhase section */
		016D5BB71B82B46F002286C3 /* Resources */ = {
			isa = PBXResourcesBuildPhase;
			buildActionMask = 2147483647;
			files = (
				016D5BC71B82B46F002286C3 /* LaunchScreen.storyboard in Resources */,
				016D5BC41B82B46F002286C3 /* Assets.xcassets in Resources */,
				016D5BC21B82B46F002286C3 /* Main.storyboard in Resources */,
			);
			runOnlyForDeploymentPostprocessing = 0;
		};
		016D5BCB1B82B46F002286C3 /* Resources */ = {
			isa = PBXResourcesBuildPhase;
			buildActionMask = 2147483647;
			files = (
			);
			runOnlyForDeploymentPostprocessing = 0;
		};
		016D5BD61B82B46F002286C3 /* Resources */ = {
			isa = PBXResourcesBuildPhase;
			buildActionMask = 2147483647;
			files = (
			);
			runOnlyForDeploymentPostprocessing = 0;
		};
/* End PBXResourcesBuildPhase section */

/* Begin PBXSourcesBuildPhase section */
		016D5BB51B82B46F002286C3 /* Sources */ = {
			isa = PBXSourcesBuildPhase;
			buildActionMask = 2147483647;
			files = (
				01EA5E6C1BB8B9CF001C6FAF /* SizeClassOverrideViewController.swift in Sources */,
				010432251BAE2A6500B96ED4 /* UserDetailViewController.swift in Sources */,
				011DD8D01B93D72C00CC64AB /* ParsedTweetCell.swift in Sources */,
				01F3A92A1B93C76B00F1BA5A /* ParsedTweet.swift in Sources */,
				010981B71B9DBB1800CF65D8 /* TwitterAPIRequestUtilities.swift in Sources */,
				016D5BBF1B82B46F002286C3 /* RootViewController.swift in Sources */,
				016D5BBD1B82B46F002286C3 /* AppDelegate.swift in Sources */,
				012E49461BA7993100DA8708 /* TweetDetailViewController.swift in Sources */,
			);
			runOnlyForDeploymentPostprocessing = 0;
		};
		016D5BC91B82B46F002286C3 /* Sources */ = {
			isa = PBXSourcesBuildPhase;
			buildActionMask = 2147483647;
			files = (
				016D5BD21B82B46F002286C3 /* PragmaticTweetsTests.swift in Sources */,
			);
			runOnlyForDeploymentPostprocessing = 0;
		};
		016D5BD41B82B46F002286C3 /* Sources */ = {
			isa = PBXSourcesBuildPhase;
			buildActionMask = 2147483647;
			files = (
				016D5BDD1B82B46F002286C3 /* PragmaticTweetsUITests.swift in Sources */,
			);
			runOnlyForDeploymentPostprocessing = 0;
		};
/* End PBXSourcesBuildPhase section */

/* Begin PBXTargetDependency section */
		016D5BCF1B82B46F002286C3 /* PBXTargetDependency */ = {
			isa = PBXTargetDependency;
			target = 016D5BB81B82B46F002286C3 /* PragmaticTweets */;
			targetProxy = 016D5BCE1B82B46F002286C3 /* PBXContainerItemProxy */;
		};
		016D5BDA1B82B46F002286C3 /* PBXTargetDependency */ = {
			isa = PBXTargetDependency;
			target = 016D5BB81B82B46F002286C3 /* PragmaticTweets */;
			targetProxy = 016D5BD91B82B46F002286C3 /* PBXContainerItemProxy */;
		};
/* End PBXTargetDependency section */

/* Begin PBXVariantGroup section */
		016D5BC01B82B46F002286C3 /* Main.storyboard */ = {
			isa = PBXVariantGroup;
			children = (
				016D5BC11B82B46F002286C3 /* Base */,
			);
			name = Main.storyboard;
			sourceTree = "<group>";
		};
		016D5BC51B82B46F002286C3 /* LaunchScreen.storyboard */ = {
			isa = PBXVariantGroup;
			children = (
				016D5BC61B82B46F002286C3 /* Base */,
			);
			name = LaunchScreen.storyboard;
			sourceTree = "<group>";
		};
/* End PBXVariantGroup section */

/* Begin XCBuildConfiguration section */
		016D5BDF1B82B46F002286C3 /* Debug */ = {
			isa = XCBuildConfiguration;
			buildSettings = {
				ALWAYS_SEARCH_USER_PATHS = NO;
				CLANG_CXX_LANGUAGE_STANDARD = "gnu++0x";
				CLANG_CXX_LIBRARY = "libc++";
				CLANG_ENABLE_MODULES = YES;
				CLANG_ENABLE_OBJC_ARC = YES;
				CLANG_WARN_BOOL_CONVERSION = YES;
				CLANG_WARN_CONSTANT_CONVERSION = YES;
				CLANG_WARN_DIRECT_OBJC_ISA_USAGE = YES_ERROR;
				CLANG_WARN_EMPTY_BODY = YES;
				CLANG_WARN_ENUM_CONVERSION = YES;
				CLANG_WARN_INT_CONVERSION = YES;
				CLANG_WARN_OBJC_ROOT_CLASS = YES_ERROR;
				CLANG_WARN_UNREACHABLE_CODE = YES;
				CLANG_WARN__DUPLICATE_METHOD_MATCH = YES;
				"CODE_SIGN_IDENTITY[sdk=iphoneos*]" = "iPhone Developer";
				COPY_PHASE_STRIP = NO;
				DEBUG_INFORMATION_FORMAT = dwarf;
				ENABLE_STRICT_OBJC_MSGSEND = YES;
				ENABLE_TESTABILITY = YES;
				GCC_C_LANGUAGE_STANDARD = gnu99;
				GCC_DYNAMIC_NO_PIC = NO;
				GCC_NO_COMMON_BLOCKS = YES;
				GCC_OPTIMIZATION_LEVEL = 0;
				GCC_PREPROCESSOR_DEFINITIONS = (
					"DEBUG=1",
					"$(inherited)",
				);
				GCC_WARN_64_TO_32_BIT_CONVERSION = YES;
				GCC_WARN_ABOUT_RETURN_TYPE = YES_ERROR;
				GCC_WARN_UNDECLARED_SELECTOR = YES;
				GCC_WARN_UNINITIALIZED_AUTOS = YES_AGGRESSIVE;
				GCC_WARN_UNUSED_FUNCTION = YES;
				GCC_WARN_UNUSED_VARIABLE = YES;
				IPHONEOS_DEPLOYMENT_TARGET = 9.0;
				MTL_ENABLE_DEBUG_INFO = YES;
				ONLY_ACTIVE_ARCH = YES;
				SDKROOT = iphoneos;
				SWIFT_OPTIMIZATION_LEVEL = "-Onone";
				TARGETED_DEVICE_FAMILY = "1,2";
			};
			name = Debug;
		};
		016D5BE01B82B46F002286C3 /* Release */ = {
			isa = XCBuildConfiguration;
			buildSettings = {
				ALWAYS_SEARCH_USER_PATHS = NO;
				CLANG_CXX_LANGUAGE_STANDARD = "gnu++0x";
				CLANG_CXX_LIBRARY = "libc++";
				CLANG_ENABLE_MODULES = YES;
				CLANG_ENABLE_OBJC_ARC = YES;
				CLANG_WARN_BOOL_CONVERSION = YES;
				CLANG_WARN_CONSTANT_CONVERSION = YES;
				CLANG_WARN_DIRECT_OBJC_ISA_USAGE = YES_ERROR;
				CLANG_WARN_EMPTY_BODY = YES;
				CLANG_WARN_ENUM_CONVERSION = YES;
				CLANG_WARN_INT_CONVERSION = YES;
				CLANG_WARN_OBJC_ROOT_CLASS = YES_ERROR;
				CLANG_WARN_UNREACHABLE_CODE = YES;
				CLANG_WARN__DUPLICATE_METHOD_MATCH = YES;
				"CODE_SIGN_IDENTITY[sdk=iphoneos*]" = "iPhone Developer";
				COPY_PHASE_STRIP = NO;
				DEBUG_INFORMATION_FORMAT = "dwarf-with-dsym";
				ENABLE_NS_ASSERTIONS = NO;
				ENABLE_STRICT_OBJC_MSGSEND = YES;
				GCC_C_LANGUAGE_STANDARD = gnu99;
				GCC_NO_COMMON_BLOCKS = YES;
				GCC_WARN_64_TO_32_BIT_CONVERSION = YES;
				GCC_WARN_ABOUT_RETURN_TYPE = YES_ERROR;
				GCC_WARN_UNDECLARED_SELECTOR = YES;
				GCC_WARN_UNINITIALIZED_AUTOS = YES_AGGRESSIVE;
				GCC_WARN_UNUSED_FUNCTION = YES;
				GCC_WARN_UNUSED_VARIABLE = YES;
				IPHONEOS_DEPLOYMENT_TARGET = 9.0;
				MTL_ENABLE_DEBUG_INFO = NO;
				SDKROOT = iphoneos;
				TARGETED_DEVICE_FAMILY = "1,2";
				VALIDATE_PRODUCT = YES;
			};
			name = Release;
		};
		016D5BE21B82B46F002286C3 /* Debug */ = {
			isa = XCBuildConfiguration;
			buildSettings = {
				ASSETCATALOG_COMPILER_APPICON_NAME = AppIcon;
				INFOPLIST_FILE = PragmaticTweets/Info.plist;
				LD_RUNPATH_SEARCH_PATHS = "$(inherited) @executable_path/Frameworks";
				PRODUCT_BUNDLE_IDENTIFIER = com.pragprog.yourhandle.PragmaticTweets;
				PRODUCT_NAME = "$(TARGET_NAME)";
			};
			name = Debug;
		};
		016D5BE31B82B46F002286C3 /* Release */ = {
			isa = XCBuildConfiguration;
			buildSettings = {
				ASSETCATALOG_COMPILER_APPICON_NAME = AppIcon;
				INFOPLIST_FILE = PragmaticTweets/Info.plist;
				LD_RUNPATH_SEARCH_PATHS = "$(inherited) @executable_path/Frameworks";
				PRODUCT_BUNDLE_IDENTIFIER = com.pragprog.yourhandle.PragmaticTweets;
				PRODUCT_NAME = "$(TARGET_NAME)";
			};
			name = Release;
		};
		016D5BE51B82B46F002286C3 /* Debug */ = {
			isa = XCBuildConfiguration;
			buildSettings = {
				BUNDLE_LOADER = "$(TEST_HOST)";
				INFOPLIST_FILE = PragmaticTweetsTests/Info.plist;
				LD_RUNPATH_SEARCH_PATHS = "$(inherited) @executable_path/Frameworks @loader_path/Frameworks";
				PRODUCT_BUNDLE_IDENTIFIER = com.pragprog.yourhandle.PragmaticTweetsTests;
				PRODUCT_NAME = "$(TARGET_NAME)";
				TEST_HOST = "$(BUILT_PRODUCTS_DIR)/PragmaticTweets.app/PragmaticTweets";
			};
			name = Debug;
		};
		016D5BE61B82B46F002286C3 /* Release */ = {
			isa = XCBuildConfiguration;
			buildSettings = {
				BUNDLE_LOADER = "$(TEST_HOST)";
				INFOPLIST_FILE = PragmaticTweetsTests/Info.plist;
				LD_RUNPATH_SEARCH_PATHS = "$(inherited) @executable_path/Frameworks @loader_path/Frameworks";
				PRODUCT_BUNDLE_IDENTIFIER = com.pragprog.yourhandle.PragmaticTweetsTests;
				PRODUCT_NAME = "$(TARGET_NAME)";
				TEST_HOST = "$(BUILT_PRODUCTS_DIR)/PragmaticTweets.app/PragmaticTweets";
			};
			name = Release;
		};
		016D5BE81B82B46F002286C3 /* Debug */ = {
			isa = XCBuildConfiguration;
			buildSettings = {
				INFOPLIST_FILE = PragmaticTweetsUITests/Info.plist;
				LD_RUNPATH_SEARCH_PATHS = "$(inherited) @executable_path/Frameworks @loader_path/Frameworks";
				PRODUCT_BUNDLE_IDENTIFIER = com.pragprog.yourhandle.PragmaticTweetsUITests;
				PRODUCT_NAME = "$(TARGET_NAME)";
				TEST_TARGET_NAME = PragmaticTweets;
				USES_XCTRUNNER = YES;
			};
			name = Debug;
		};
		016D5BE91B82B46F002286C3 /* Release */ = {
			isa = XCBuildConfiguration;
			buildSettings = {
				INFOPLIST_FILE = PragmaticTweetsUITests/Info.plist;
				LD_RUNPATH_SEARCH_PATHS = "$(inherited) @executable_path/Frameworks @loader_path/Frameworks";
				PRODUCT_BUNDLE_IDENTIFIER = com.pragprog.yourhandle.PragmaticTweetsUITests;
				PRODUCT_NAME = "$(TARGET_NAME)";
				TEST_TARGET_NAME = PragmaticTweets;
				USES_XCTRUNNER = YES;
			};
			name = Release;
		};
/* End XCBuildConfiguration section */

/* Begin XCConfigurationList section */
		016D5BB41B82B46F002286C3 /* Build configuration list for PBXProject "PragmaticTweets" */ = {
			isa = XCConfigurationList;
			buildConfigurations = (
				016D5BDF1B82B46F002286C3 /* Debug */,
				016D5BE01B82B46F002286C3 /* Release */,
			);
			defaultConfigurationIsVisible = 0;
			defaultConfigurationName = Release;
		};
		016D5BE11B82B46F002286C3 /* Build configuration list for PBXNativeTarget "PragmaticTweets" */ = {
			isa = XCConfigurationList;
			buildConfigurations = (
				016D5BE21B82B46F002286C3 /* Debug */,
				016D5BE31B82B46F002286C3 /* Release */,
			);
			defaultConfigurationIsVisible = 0;
			defaultConfigurationName = Release;
		};
		016D5BE41B82B46F002286C3 /* Build configuration list for PBXNativeTarget "PragmaticTweetsTests" */ = {
			isa = XCConfigurationList;
			buildConfigurations = (
				016D5BE51B82B46F002286C3 /* Debug */,
				016D5BE61B82B46F002286C3 /* Release */,
			);
			defaultConfigurationIsVisible = 0;
			defaultConfigurationName = Release;
		};
		016D5BE71B82B46F002286C3 /* Build configuration list for PBXNativeTarget "PragmaticTweetsUITests" */ = {
			isa = XCConfigurationList;
			buildConfigurations = (
				016D5BE81B82B46F002286C3 /* Debug */,
				016D5BE91B82B46F002286C3 /* Release */,
			);
			defaultConfigurationIsVisible = 0;
			defaultConfigurationName = Release;
		};
/* End XCConfigurationList section */
	};
	rootObject = 016D5BB11B82B46F002286C3 /* Project object */;
}
